// !$*UTF8*$!
{
	archiveVersion = 1;
	classes = {
	};
	objectVersion = 46;
	objects = {

/* Begin PBXBuildFile section */
		BC0170C21B02D96E00B33ABF /* MASShortcut.framework in Frameworks */ = {isa = PBXBuildFile; fileRef = BC0170C11B02D96E00B33ABF /* MASShortcut.framework */; };
		BC0170C31B02D96E00B33ABF /* MASShortcut.framework in Embed Frameworks */ = {isa = PBXBuildFile; fileRef = BC0170C11B02D96E00B33ABF /* MASShortcut.framework */; settings = {ATTRIBUTES = (CodeSignOnCopy, RemoveHeadersOnCopy, ); }; };
		BC33BDF11B02408E00D4ACA0 /* AppDelegate.m in Sources */ = {isa = PBXBuildFile; fileRef = BC33BDF01B02408E00D4ACA0 /* AppDelegate.m */; };
		BC33BDF31B02408E00D4ACA0 /* main.m in Sources */ = {isa = PBXBuildFile; fileRef = BC33BDF21B02408E00D4ACA0 /* main.m */; };
		BC33BDF51B02408E00D4ACA0 /* Images.xcassets in Resources */ = {isa = PBXBuildFile; fileRef = BC33BDF41B02408E00D4ACA0 /* Images.xcassets */; };
		BC33BDF81B02408E00D4ACA0 /* MainMenu.xib in Resources */ = {isa = PBXBuildFile; fileRef = BC33BDF61B02408E00D4ACA0 /* MainMenu.xib */; };
		BC33BE111B0243A800D4ACA0 /* DBStatusItemView.m in Sources */ = {isa = PBXBuildFile; fileRef = BC33BE101B0243A800D4ACA0 /* DBStatusItemView.m */; };
		BC3BF88C1B025AE900D57253 /* IOKit.framework in Frameworks */ = {isa = PBXBuildFile; fileRef = BC3BF88B1B025AE900D57253 /* IOKit.framework */; };
		BCE30AF21B025D95007B8959 /* login.framework in Frameworks */ = {isa = PBXBuildFile; fileRef = BCE30AF11B025D95007B8959 /* login.framework */; };
/* End PBXBuildFile section */

/* Begin PBXCopyFilesBuildPhase section */
		BC0170C41B02D96E00B33ABF /* Embed Frameworks */ = {
			isa = PBXCopyFilesBuildPhase;
			buildActionMask = 2147483647;
			dstPath = "";
			dstSubfolderSpec = 10;
			files = (
				BC0170C31B02D96E00B33ABF /* MASShortcut.framework in Embed Frameworks */,
			);
			name = "Embed Frameworks";
			runOnlyForDeploymentPostprocessing = 0;
		};
/* End PBXCopyFilesBuildPhase section */

/* Begin PBXFileReference section */
		BC0170C11B02D96E00B33ABF /* MASShortcut.framework */ = {isa = PBXFileReference; explicitFileType = wrapper.framework; name = MASShortcut.framework; path = "/Users/dgoodman/Library/Developer/Xcode/DerivedData/deadbolt-erbjhurwyqqngggbtoqebkwsddqf/Build/Products/Debug/MASShortcut.framework"; sourceTree = "<absolute>"; };
		BC33BDEA1B02408E00D4ACA0 /* deadbolt.app */ = {isa = PBXFileReference; explicitFileType = wrapper.application; includeInIndex = 0; path = deadbolt.app; sourceTree = BUILT_PRODUCTS_DIR; };
		BC33BDEE1B02408E00D4ACA0 /* Info.plist */ = {isa = PBXFileReference; lastKnownFileType = text.plist.xml; path = Info.plist; sourceTree = "<group>"; };
		BC33BDEF1B02408E00D4ACA0 /* AppDelegate.h */ = {isa = PBXFileReference; lastKnownFileType = sourcecode.c.h; path = AppDelegate.h; sourceTree = "<group>"; };
		BC33BDF01B02408E00D4ACA0 /* AppDelegate.m */ = {isa = PBXFileReference; lastKnownFileType = sourcecode.c.objc; path = AppDelegate.m; sourceTree = "<group>"; };
		BC33BDF21B02408E00D4ACA0 /* main.m */ = {isa = PBXFileReference; lastKnownFileType = sourcecode.c.objc; path = main.m; sourceTree = "<group>"; };
		BC33BDF41B02408E00D4ACA0 /* Images.xcassets */ = {isa = PBXFileReference; lastKnownFileType = folder.assetcatalog; path = Images.xcassets; sourceTree = "<group>"; };
		BC33BDF71B02408E00D4ACA0 /* Base */ = {isa = PBXFileReference; lastKnownFileType = file.xib; name = Base; path = Base.lproj/MainMenu.xib; sourceTree = "<group>"; };
		BC33BE0F1B0243A800D4ACA0 /* DBStatusItemView.h */ = {isa = PBXFileReference; fileEncoding = 4; lastKnownFileType = sourcecode.c.h; path = DBStatusItemView.h; sourceTree = "<group>"; };
		BC33BE101B0243A800D4ACA0 /* DBStatusItemView.m */ = {isa = PBXFileReference; fileEncoding = 4; lastKnownFileType = sourcecode.c.objc; path = DBStatusItemView.m; sourceTree = "<group>"; };
		BC3BF88B1B025AE900D57253 /* IOKit.framework */ = {isa = PBXFileReference; lastKnownFileType = wrapper.framework; name = IOKit.framework; path = System/Library/Frameworks/IOKit.framework; sourceTree = SDKROOT; };
		BCE30AF11B025D95007B8959 /* login.framework */ = {isa = PBXFileReference; lastKnownFileType = wrapper.framework; name = login.framework; path = ../../../../../System/Library/PrivateFrameworks/login.framework; sourceTree = "<group>"; };
/* End PBXFileReference section */

/* Begin PBXFrameworksBuildPhase section */
		BC33BDE71B02408E00D4ACA0 /* Frameworks */ = {
			isa = PBXFrameworksBuildPhase;
			buildActionMask = 2147483647;
			files = (
				BC0170C21B02D96E00B33ABF /* MASShortcut.framework in Frameworks */,
				BCE30AF21B025D95007B8959 /* login.framework in Frameworks */,
				BC3BF88C1B025AE900D57253 /* IOKit.framework in Frameworks */,
			);
			runOnlyForDeploymentPostprocessing = 0;
		};
/* End PBXFrameworksBuildPhase section */

/* Begin PBXGroup section */
		BC33BDE11B02408E00D4ACA0 = {
			isa = PBXGroup;
			children = (
				BC0170C11B02D96E00B33ABF /* MASShortcut.framework */,
				BCE30AF11B025D95007B8959 /* login.framework */,
				BC3BF88B1B025AE900D57253 /* IOKit.framework */,
				BC33BDEC1B02408E00D4ACA0 /* deadbolt */,
				BC33BDEB1B02408E00D4ACA0 /* Products */,
			);
			sourceTree = "<group>";
		};
		BC33BDEB1B02408E00D4ACA0 /* Products */ = {
			isa = PBXGroup;
			children = (
				BC33BDEA1B02408E00D4ACA0 /* deadbolt.app */,
			);
			name = Products;
			sourceTree = "<group>";
		};
		BC33BDEC1B02408E00D4ACA0 /* deadbolt */ = {
			isa = PBXGroup;
			children = (
				BC33BDEF1B02408E00D4ACA0 /* AppDelegate.h */,
				BC33BDF01B02408E00D4ACA0 /* AppDelegate.m */,
				BC33BDF41B02408E00D4ACA0 /* Images.xcassets */,
				BC33BDF61B02408E00D4ACA0 /* MainMenu.xib */,
				BC33BDED1B02408E00D4ACA0 /* Supporting Files */,
				BC33BE0F1B0243A800D4ACA0 /* DBStatusItemView.h */,
				BC33BE101B0243A800D4ACA0 /* DBStatusItemView.m */,
			);
			path = deadbolt;
			sourceTree = "<group>";
		};
		BC33BDED1B02408E00D4ACA0 /* Supporting Files */ = {
			isa = PBXGroup;
			children = (
				BC33BDEE1B02408E00D4ACA0 /* Info.plist */,
				BC33BDF21B02408E00D4ACA0 /* main.m */,
			);
			name = "Supporting Files";
			sourceTree = "<group>";
		};
/* End PBXGroup section */

/* Begin PBXNativeTarget section */
		BC33BDE91B02408E00D4ACA0 /* deadbolt */ = {
			isa = PBXNativeTarget;
			buildConfigurationList = BC33BE071B02408F00D4ACA0 /* Build configuration list for PBXNativeTarget "deadbolt" */;
			buildPhases = (
				BC33BDE61B02408E00D4ACA0 /* Sources */,
				BC33BDE71B02408E00D4ACA0 /* Frameworks */,
				BC33BDE81B02408E00D4ACA0 /* Resources */,
				BC0170C41B02D96E00B33ABF /* Embed Frameworks */,
			);
			buildRules = (
			);
			dependencies = (
			);
			name = deadbolt;
			productName = deadbolt;
			productReference = BC33BDEA1B02408E00D4ACA0 /* deadbolt.app */;
			productType = "com.apple.product-type.application";
		};
/* End PBXNativeTarget section */

/* Begin PBXProject section */
		BC33BDE21B02408E00D4ACA0 /* Project object */ = {
			isa = PBXProject;
			attributes = {
				LastUpgradeCheck = 0630;
				ORGANIZATIONNAME = "D.E. Goodman-Wilson";
				TargetAttributes = {
					BC33BDE91B02408E00D4ACA0 = {
						CreatedOnToolsVersion = 6.3.1;
					};
				};
			};
			buildConfigurationList = BC33BDE51B02408E00D4ACA0 /* Build configuration list for PBXProject "deadbolt" */;
			compatibilityVersion = "Xcode 3.2";
			developmentRegion = English;
			hasScannedForEncodings = 0;
			knownRegions = (
				en,
				Base,
			);
			mainGroup = BC33BDE11B02408E00D4ACA0;
			productRefGroup = BC33BDEB1B02408E00D4ACA0 /* Products */;
			projectDirPath = "";
			projectRoot = "";
			targets = (
				BC33BDE91B02408E00D4ACA0 /* deadbolt */,
			);
		};
/* End PBXProject section */

/* Begin PBXResourcesBuildPhase section */
		BC33BDE81B02408E00D4ACA0 /* Resources */ = {
			isa = PBXResourcesBuildPhase;
			buildActionMask = 2147483647;
			files = (
				BC33BDF51B02408E00D4ACA0 /* Images.xcassets in Resources */,
				BC33BDF81B02408E00D4ACA0 /* MainMenu.xib in Resources */,
			);
			runOnlyForDeploymentPostprocessing = 0;
		};
/* End PBXResourcesBuildPhase section */

/* Begin PBXSourcesBuildPhase section */
		BC33BDE61B02408E00D4ACA0 /* Sources */ = {
			isa = PBXSourcesBuildPhase;
			buildActionMask = 2147483647;
			files = (
				BC33BDF31B02408E00D4ACA0 /* main.m in Sources */,
				BC33BE111B0243A800D4ACA0 /* DBStatusItemView.m in Sources */,
				BC33BDF11B02408E00D4ACA0 /* AppDelegate.m in Sources */,
			);
			runOnlyForDeploymentPostprocessing = 0;
		};
/* End PBXSourcesBuildPhase section */

/* Begin PBXVariantGroup section */
		BC33BDF61B02408E00D4ACA0 /* MainMenu.xib */ = {
			isa = PBXVariantGroup;
			children = (
				BC33BDF71B02408E00D4ACA0 /* Base */,
			);
			name = MainMenu.xib;
			sourceTree = "<group>";
		};
/* End PBXVariantGroup section */

/* Begin XCBuildConfiguration section */
		BC33BE051B02408F00D4ACA0 /* Debug */ = {
			isa = XCBuildConfiguration;
			buildSettings = {
				ALWAYS_SEARCH_USER_PATHS = NO;
				CLANG_CXX_LANGUAGE_STANDARD = "gnu++0x";
				CLANG_CXX_LIBRARY = "libc++";
				CLANG_ENABLE_MODULES = YES;
				CLANG_ENABLE_OBJC_ARC = YES;
				CLANG_WARN_BOOL_CONVERSION = YES;
				CLANG_WARN_CONSTANT_CONVERSION = YES;
				CLANG_WARN_DIRECT_OBJC_ISA_USAGE = YES_ERROR;
				CLANG_WARN_EMPTY_BODY = YES;
				CLANG_WARN_ENUM_CONVERSION = YES;
				CLANG_WARN_INT_CONVERSION = YES;
				CLANG_WARN_OBJC_ROOT_CLASS = YES_ERROR;
				CLANG_WARN_UNREACHABLE_CODE = YES;
				CLANG_WARN__DUPLICATE_METHOD_MATCH = YES;
				CODE_SIGN_IDENTITY = "-";
				COPY_PHASE_STRIP = NO;
				DEBUG_INFORMATION_FORMAT = dwarf;
				ENABLE_STRICT_OBJC_MSGSEND = YES;
				GCC_C_LANGUAGE_STANDARD = gnu99;
				GCC_DYNAMIC_NO_PIC = NO;
				GCC_NO_COMMON_BLOCKS = YES;
				GCC_OPTIMIZATION_LEVEL = 0;
				GCC_PREPROCESSOR_DEFINITIONS = (
					"DEBUG=1",
					"$(inherited)",
				);
				GCC_SYMBOLS_PRIVATE_EXTERN = NO;
				GCC_WARN_64_TO_32_BIT_CONVERSION = YES;
				GCC_WARN_ABOUT_RETURN_TYPE = YES_ERROR;
				GCC_WARN_UNDECLARED_SELECTOR = YES;
				GCC_WARN_UNINITIALIZED_AUTOS = YES_AGGRESSIVE;
				GCC_WARN_UNUSED_FUNCTION = YES;
				GCC_WARN_UNUSED_VARIABLE = YES;
				MACOSX_DEPLOYMENT_TARGET = 10.9;
				MTL_ENABLE_DEBUG_INFO = YES;
				ONLY_ACTIVE_ARCH = YES;
				SDKROOT = macosx;
			};
			name = Debug;
		};
		BC33BE061B02408F00D4ACA0 /* Release */ = {
			isa = XCBuildConfiguration;
			buildSettings = {
				ALWAYS_SEARCH_USER_PATHS = NO;
				CLANG_CXX_LANGUAGE_STANDARD = "gnu++0x";
				CLANG_CXX_LIBRARY = "libc++";
				CLANG_ENABLE_MODULES = YES;
				CLANG_ENABLE_OBJC_ARC = YES;
				CLANG_WARN_BOOL_CONVERSION = YES;
				CLANG_WARN_CONSTANT_CONVERSION = YES;
				CLANG_WARN_DIRECT_OBJC_ISA_USAGE = YES_ERROR;
				CLANG_WARN_EMPTY_BODY = YES;
				CLANG_WARN_ENUM_CONVERSION = YES;
				CLANG_WARN_INT_CONVERSION = YES;
				CLANG_WARN_OBJC_ROOT_CLASS = YES_ERROR;
				CLANG_WARN_UNREACHABLE_CODE = YES;
				CLANG_WARN__DUPLICATE_METHOD_MATCH = YES;
				CODE_SIGN_IDENTITY = "-";
				COPY_PHASE_STRIP = NO;
				DEBUG_INFORMATION_FORMAT = "dwarf-with-dsym";
				ENABLE_NS_ASSERTIONS = NO;
				ENABLE_STRICT_OBJC_MSGSEND = YES;
				GCC_C_LANGUAGE_STANDARD = gnu99;
				GCC_NO_COMMON_BLOCKS = YES;
				GCC_WARN_64_TO_32_BIT_CONVERSION = YES;
				GCC_WARN_ABOUT_RETURN_TYPE = YES_ERROR;
				GCC_WARN_UNDECLARED_SELECTOR = YES;
				GCC_WARN_UNINITIALIZED_AUTOS = YES_AGGRESSIVE;
				GCC_WARN_UNUSED_FUNCTION = YES;
				GCC_WARN_UNUSED_VARIABLE = YES;
				MACOSX_DEPLOYMENT_TARGET = 10.9;
				MTL_ENABLE_DEBUG_INFO = NO;
				SDKROOT = macosx;
			};
			name = Release;
		};
		BC33BE081B02408F00D4ACA0 /* Debug */ = {
			isa = XCBuildConfiguration;
			buildSettings = {
				ASSETCATALOG_COMPILER_APPICON_NAME = AppIcon;
				COMBINE_HIDPI_IMAGES = YES;
				FRAMEWORK_SEARCH_PATHS = (
					"$(inherited)",
					"$(SYSTEM_LIBRARY_DIR)/PrivateFrameworks",
					"$(USER_LIBRARY_DIR)/Developer/Xcode/DerivedData/deadbolt-erbjhurwyqqngggbtoqebkwsddqf/Build/Products/Debug",
				);
				INFOPLIST_FILE = deadbolt/Info.plist;
				LD_RUNPATH_SEARCH_PATHS = "$(inherited) @executable_path/../Frameworks";
				MACOSX_DEPLOYMENT_TARGET = 10.9;
				PRODUCT_NAME = "$(TARGET_NAME)";
			};
			name = Debug;
		};
		BC33BE091B02408F00D4ACA0 /* Release */ = {
			isa = XCBuildConfiguration;
			buildSettings = {
				ASSETCATALOG_COMPILER_APPICON_NAME = AppIcon;
				COMBINE_HIDPI_IMAGES = YES;
				FRAMEWORK_SEARCH_PATHS = (
					"$(inherited)",
					"$(SYSTEM_LIBRARY_DIR)/PrivateFrameworks",
					"$(USER_LIBRARY_DIR)/Developer/Xcode/DerivedData/deadbolt-erbjhurwyqqngggbtoqebkwsddqf/Build/Products/Debug",
				);
				INFOPLIST_FILE = deadbolt/Info.plist;
				LD_RUNPATH_SEARCH_PATHS = "$(inherited) @executable_path/../Frameworks";
				MACOSX_DEPLOYMENT_TARGET = 10.9;
				PRODUCT_NAME = "$(TARGET_NAME)";
			};
			name = Release;
		};
/* End XCBuildConfiguration section */

/* Begin XCConfigurationList section */
		BC33BDE51B02408E00D4ACA0 /* Build configuration list for PBXProject "deadbolt" */ = {
			isa = XCConfigurationList;
			buildConfigurations = (
				BC33BE051B02408F00D4ACA0 /* Debug */,
				BC33BE061B02408F00D4ACA0 /* Release */,
			);
			defaultConfigurationIsVisible = 0;
			defaultConfigurationName = Release;
		};
		BC33BE071B02408F00D4ACA0 /* Build configuration list for PBXNativeTarget "deadbolt" */ = {
			isa = XCConfigurationList;
			buildConfigurations = (
				BC33BE081B02408F00D4ACA0 /* Debug */,
				BC33BE091B02408F00D4ACA0 /* Release */,
			);
			defaultConfigurationIsVisible = 0;
			defaultConfigurationName = Release;
		};
/* End XCConfigurationList section */
	};
	rootObject = BC33BDE21B02408E00D4ACA0 /* Project object */;
}
